
Microsoft Visual Studio Solution File, Format Version 12.00
# Visual Studio Version 17
VisualStudioVersion = 17.9.34622.214
MinimumVisualStudioVersion = 10.0.40219.1
Project("{FAE04EC0-301F-11D3-BF4B-00C04F79EFBC}") = "01-UygulamaSinavi", "01-UygulamaSinavi\01-UygulamaSinavi.csproj", "{B9E59B0D-AAB4-47E7-8271-AE63E94D7AC5}"
EndProject
Global
	GlobalSection(SolutionConfigurationPlatforms) = preSolution
		Debug|Any CPU = Debug|Any CPU
		Release|Any CPU = Release|Any CPU
	EndGlobalSection
	GlobalSection(ProjectConfigurationPlatforms) = postSolution
		{B9E59B0D-AAB4-47E7-8271-AE63E94D7AC5}.Debug|Any CPU.ActiveCfg = Debug|Any CPU
		{B9E59B0D-AAB4-47E7-8271-AE63E94D7AC5}.Debug|Any CPU.Build.0 = Debug|Any CPU
		{B9E59B0D-AAB4-47E7-8271-AE63E94D7AC5}.Release|Any CPU.ActiveCfg = Release|Any CPU
		{B9E59B0D-AAB4-47E7-8271-AE63E94D7AC5}.Release|Any CPU.Build.0 = Release|Any CPU
	EndGlobalSection
	GlobalSection(SolutionProperties) = preSolution
		HideSolutionNode = FALSE
	EndGlobalSection
	GlobalSection(ExtensibilityGlobals) = postSolution
		SolutionGuid = {73CF19E8-635D-41EA-BA1F-CC7C2D74A822}
	EndGlobalSection
EndGlobal
